lockfileVersion: '9.0'

settings:
  autoInstallPeers: true
  excludeLinksFromLockfile: false

patchedDependencies:
  '@monaco-editor/react@4.6.0':
    hash: 7rehcztlh3wnmwcrogrsf6w34i
    path: patches/@monaco-editor__react@4.6.0.patch

importers:

  .:
    dependencies:
      '@monaco-editor/loader':
        specifier: ^1.4.0
        version: 1.4.0(monaco-editor@0.52.0)
      '@monaco-editor/react':
        specifier: ^4.6.0
        version: 4.6.0(patch_hash=7rehcztlh3wnmwcrogrsf6w34i)(monaco-editor@0.52.0)(react-dom@18.3.0-canary-c3048aab4-20240326(react@18.3.0-canary-c3048aab4-20240326))(react@18.3.0-canary-c3048aab4-20240326)
      '@wasm-fmt/biome_fmt':
        specifier: ^0.1.10
        version: 0.1.10
      lz-string:
        specifier: ^1.5.0
        version: 1.5.0
      react:
        specifier: 18.3.0-canary-c3048aab4-20240326
        version: 18.3.0-canary-c3048aab4-20240326
      react-dom:
        specifier: 18.3.0-canary-c3048aab4-20240326
        version: 18.3.0-canary-c3048aab4-20240326(react@18.3.0-canary-c3048aab4-20240326)
      react-resizable-panels:
        specifier: ^2.1.2
        version: 2.1.2(react-dom@18.3.0-canary-c3048aab4-20240326(react@18.3.0-canary-c3048aab4-20240326))(react@18.3.0-canary-c3048aab4-20240326)
    devDependencies:
      '@rsbuild/core':
        specifier: 1.0.4
        version: 1.0.4
      '@rsbuild/plugin-react':
        specifier: 1.0.1
        version: 1.0.1(@rsbuild/core@1.0.4)
      '@types/react':
        specifier: ^18.3.5
        version: 18.3.5
      '@types/react-dom':
        specifier: ^18.3.0
        version: 18.3.0
      dprint:
        specifier: ^0.47.2
        version: 0.47.2
      gen_dep_tag:
        specifier: ^0.0.3
        version: 0.0.3
      monaco-editor:
        specifier: ^0.52.0
        version: 0.52.0
      oxlint:
        specifier: ^0.9.3
        version: 0.9.3
      typescript:
        specifier: ^5.6.2
        version: 5.6.2

packages:

  '@dprint/darwin-arm64@0.47.2':
    resolution: {integrity: sha512-mVPFBJsXxGDKHHCAY8wbqOyS4028g1bN15H9tivCnPAjwaZhkUimZHXWejXADjhGn+Xm2SlakugY9PY/68pH3Q==}
    cpu: [arm64]
    os: [darwin]

  '@dprint/darwin-x64@0.47.2':
    resolution: {integrity: sha512-T7wzlc+rBV+6BRRiBjoqoy5Hj4TR2Nv2p2s9+ycyPGs10Kj/JXOWD8dnEHeBgUr2r4qe/ZdcxmsFQ5Hf2n0WuA==}
    cpu: [x64]
    os: [darwin]

  '@dprint/linux-arm64-glibc@0.47.2':
    resolution: {integrity: sha512-B0m1vT5LdVtrNOVdkqpLPrSxuCD+l5bTIgRzPaDoIB1ChWQkler9IlX8C+RStpujjPj6SYvwo5vTzjQSvRdQkA==}
    cpu: [arm64]
    os: [linux]

  '@dprint/linux-arm64-musl@0.47.2':
    resolution: {integrity: sha512-zID6wZZqpg2/Q2Us+ERQkbhLwlW3p3xaeEr00MPf49bpydmEjMiPuSjWPkNv+slQSIyIsVovOxF4lbNZjsdtvw==}
    cpu: [arm64]
    os: [linux]

  '@dprint/linux-x64-glibc@0.47.2':
    resolution: {integrity: sha512-rB3WXMdINnRd33DItIp7mObS7dzHW90ZzeJSsoKJLPp+Z7wXjjb27UUowfqVI4baa/1pd7sdbX54DPohMtfu/A==}
    cpu: [x64]
    os: [linux]

  '@dprint/linux-x64-musl@0.47.2':
    resolution: {integrity: sha512-E0+TNbzYdTXJ/jCVjUctVxkda/faw++aDQLfyWGcmdMJnbM7NZz+W4fUpDXzMPsjy+zTWxXcPK7/q2DZz2gnbg==}
    cpu: [x64]
    os: [linux]

  '@dprint/win32-arm64@0.47.2':
    resolution: {integrity: sha512-K1EieTCFjfOCmyIhw9zFSduE6qVCNHEveupqZEfbSkVGw5T9MJQ1I9+n7MDb3RIDYEUk0enJ58/w82q8oDKCyA==}
    cpu: [arm64]
    os: [win32]

  '@dprint/win32-x64@0.47.2':
    resolution: {integrity: sha512-LhizWr8VrhHvq4ump8HwOERyFmdLiE8C6A42QSntGXzKdaa2nEOq20x/o56ZIiDcesiV+1TmosMKimPcOZHa+Q==}
    cpu: [x64]
    os: [win32]

  '@module-federation/runtime-tools@0.5.1':
    resolution: {integrity: sha512-nfBedkoZ3/SWyO0hnmaxuz0R0iGPSikHZOAZ0N/dVSQaIzlffUo35B5nlC2wgWIc0JdMZfkwkjZRrnuuDIJbzg==}

  '@module-federation/runtime@0.5.1':
    resolution: {integrity: sha512-xgiMUWwGLWDrvZc9JibuEbXIbhXg6z2oUkemogSvQ4LKvrl/n0kbqP1Blk669mXzyWbqtSp6PpvNdwaE1aN5xQ==}

  '@module-federation/sdk@0.5.1':
    resolution: {integrity: sha512-exvchtjNURJJkpqjQ3/opdbfeT2wPKvrbnGnyRkrwW5o3FH1LaST1tkiNviT6OXTexGaVc2DahbdniQHVtQ7pA==}

  '@module-federation/webpack-bundler-runtime@0.5.1':
    resolution: {integrity: sha512-mMhRFH0k2VjwHt3Jol9JkUsmI/4XlrAoBG3E0o7HoyoPYv1UFOWyqAflfANcUPgbYpvqmyLzDcO+3IT36LXnrA==}

  '@monaco-editor/loader@1.4.0':
    resolution: {integrity: sha512-00ioBig0x642hytVspPl7DbQyaSWRaolYie/UFNjoTdvoKPzo6xrXLhTk9ixgIKcLH5b5vDOjVNiGyY+uDCUlg==}
    peerDependencies:
      monaco-editor: '>= 0.21.0 < 1'

  '@monaco-editor/react@4.6.0':
    resolution: {integrity: sha512-RFkU9/i7cN2bsq/iTkurMWOEErmYcY6JiQI3Jn+WeR/FGISH8JbHERjpS9oRuSOPvDMJI0Z8nJeKkbOs9sBYQw==}
    peerDependencies:
      monaco-editor: '>= 0.25.0 < 1'
      react: ^16.8.0 || ^17.0.0 || ^18.0.0
      react-dom: ^16.8.0 || ^17.0.0 || ^18.0.0

  '@oxlint/darwin-arm64@0.9.3':
    resolution: {integrity: sha512-ToQs4gOnWCUEbnvQSVCq2+wBQO0m17iUeVtnKJhENjP7t37yHV5SPO/gNTPBAQLkNgA/3skJLeLi9Jg+BNDAFw==}
    cpu: [arm64]
    os: [darwin]

  '@oxlint/darwin-x64@0.9.3':
    resolution: {integrity: sha512-lc3z4TFKXzFuR65OlTUUpRJMoHgSAAcxsGpzYWZDjxyWJr2nLydD3W22CSpRoWeQ8tU5V7dRCy/NvqymGXuMYQ==}
    cpu: [x64]
    os: [darwin]

  '@oxlint/linux-arm64-gnu@0.9.3':
    resolution: {integrity: sha512-EKpuCExwNc3ramzauMXDOBIx9Aopisg9xCu3cWUaO+hgXD/U02mwvtXOhrjGH63VeAXHevioIDFKuebLp7AfWQ==}
    cpu: [arm64]
    os: [linux]

  '@oxlint/linux-arm64-musl@0.9.3':
    resolution: {integrity: sha512-lY8PP1WOoRBU3jBDIp6+q9lxdXtxJa/OdqfsSP3fJky1n3xvd8UEufIJE5CI8dyGaTahES8HxbHw4sMFnsfLpg==}
    cpu: [arm64]
    os: [linux]

  '@oxlint/linux-x64-gnu@0.9.3':
    resolution: {integrity: sha512-jXn+KV18pgBDrK+Kl3q+NBXfdnTnjJ6HQa8zsyMlDkc7c4tkmxhqMlSzwnfYreTQQSB9NGtHACBC4mF6k4e4sw==}
    cpu: [x64]
    os: [linux]

  '@oxlint/linux-x64-musl@0.9.3':
    resolution: {integrity: sha512-UmWzxeE4zuWz/LpeJjpWGk/tvwI2BJ2gRGaUAZnTjJc6uR7tg9eQ4XFipy7y6+lYVpvlrmvu4Cldxf1+E/8BaQ==}
    cpu: [x64]
    os: [linux]

  '@oxlint/win32-arm64@0.9.3':
    resolution: {integrity: sha512-DvhfhMHWzBoHwpFa1pRDrkpO90rUcjWXU2/A9nCh4NxWjY8EDzsPNsYTGSPeZsa42wg+fq8aMHiOUxDqLU0CiQ==}
    cpu: [arm64]
    os: [win32]

  '@oxlint/win32-x64@0.9.3':
    resolution: {integrity: sha512-g2oFpiTPmBgSY6kR7SCuYCkml7ioyTeBQPX1GARoCpjdFG4RjC5ujIu/csEJ+VntGAEpqk1vSA+TmISnt15zgA==}
    cpu: [x64]
    os: [win32]

  '@rsbuild/core@1.0.4':
    resolution: {integrity: sha512-ACvCzeyW5gW5olGBzK5Tnc5RfUOQ+BPnMB7Y0Iycz0pRYAghKQcYkpPZlEpdsKQDNeBUKk9loOy+Z7Rca4Ouzw==}
    engines: {node: '>=16.7.0'}
    hasBin: true

  '@rsbuild/plugin-react@1.0.1':
    resolution: {integrity: sha512-JdbuM/Ycwky6XPc0YmXXcDzUYZ4JxIORcio1MB+fJNMOrs3PP1hJF5vUm5NfA7YY391fIMxD9W4oB3GQUI5c6A==}
    peerDependencies:
      '@rsbuild/core': 1.x || ^1.0.1-rc.0

  '@rspack/binding-darwin-arm64@1.0.5':
    resolution: {integrity: sha512-pEHj4AOluOa7FaR1DMACPUUZKO3qZI4/66xaTqk0BbclvMT7eheQAWtkmjdE9WJgeZ389TrwZeaMzzPdHhK/6Q==}
    cpu: [arm64]
    os: [darwin]

  '@rspack/binding-darwin-x64@1.0.5':
    resolution: {integrity: sha512-xS5EDD9l3MHL54bnmxsndm61P9l3l7ZNuLSuPl2MbYJzDqPdnXhTdkIjdcDOLH2daFm8gfB634wa5knZhPGLOw==}
    cpu: [x64]
    os: [darwin]

  '@rspack/binding-linux-arm64-gnu@1.0.5':
    resolution: {integrity: sha512-svPOFlem7s6T33tX8a28uD5Ngc7bdML96ioiH7Fhi0J/at+WAthor4GeUNwkwuzBQI/Nc9XCgiYPcE0pzP7c6w==}
    cpu: [arm64]
    os: [linux]

  '@rspack/binding-linux-arm64-musl@1.0.5':
    resolution: {integrity: sha512-cysqogEUNc0TgzzXcK9bkv12eoCjqhLzOvGXQU1zSEU9Hov7tuzMDl3Z6R3A7NgOCmWu84/wOnTrkSOI28caew==}
    cpu: [arm64]
    os: [linux]

  '@rspack/binding-linux-x64-gnu@1.0.5':
    resolution: {integrity: sha512-qIEMsWOzTKpVm0Sg553gKkua49Kd/sElLD1rZcXjjxjAsD97uq8AiNncArMfYdDKgkKbtwtW/Fb3uVuafTLnZg==}
    cpu: [x64]
    os: [linux]

  '@rspack/binding-linux-x64-musl@1.0.5':
    resolution: {integrity: sha512-yulltMSQN3aBt3NMURYTmJcpAJBi4eEJ4i9qF0INE8f0885sJpI0j35/31POkCghG1ZOSZkYALFrheKKP9e8pg==}
    cpu: [x64]
    os: [linux]

  '@rspack/binding-win32-arm64-msvc@1.0.5':
    resolution: {integrity: sha512-5oF/qN6TnUj28UAdaOgSIWKq7HG5QgI4p37zvQBBTXZHhrwN2kE6H+TaofWnSqWJynwmGIxJIx8bGo3lDfFbfA==}
    cpu: [arm64]
    os: [win32]

  '@rspack/binding-win32-ia32-msvc@1.0.5':
    resolution: {integrity: sha512-y16IPjd/z6L7+r6RXLu7J/jlZDUenSnJDqo10HnnxtLjOJ+vna+pljI8sHcwu1ao0c3J3uMvbkF34dTiev7Opg==}
    cpu: [ia32]
    os: [win32]

  '@rspack/binding-win32-x64-msvc@1.0.5':
    resolution: {integrity: sha512-PSBTbDSgT+ClYvyQTDtWBi/bxXW/xJmVjg9NOWe8KAEl5WNU+pToiCBLLPCGDSa+K7/zr2TDb6QakG/qYItPZw==}
    cpu: [x64]
    os: [win32]

  '@rspack/binding@1.0.5':
    resolution: {integrity: sha512-SnVrzRWeKSosJ0/1e5taAeqJ1ISst6NAE1N8YK4ZdUEVWmE26tC2V/yTvZHSsqatc/0Cf+A18IZJx0q6H/DlRw==}

  '@rspack/core@1.0.5':
    resolution: {integrity: sha512-UlydS2VupZ6yBx3jCqCHpeEUQNWCrBkTQhPIezK0eCAk13i745byjqXX4tcfN6jR5Kjh/1CIb8r07k9DgGON1w==}
    engines: {node: '>=16.0.0'}
    peerDependencies:
      '@swc/helpers': '>=0.5.1'
    peerDependenciesMeta:
      '@swc/helpers':
        optional: true

  '@rspack/lite-tapable@1.0.0':
    resolution: {integrity: sha512-7MZf4lburSUZoEenwazwUDKHhqyfnLCGnQ/tKcUtztfmVzfjZfRn/EaiT0AKkYGnL2U8AGsw89oUeVyvaOLVCw==}
    engines: {node: '>=16.0.0'}

  '@rspack/plugin-react-refresh@1.0.0':
    resolution: {integrity: sha512-WvXkLewW5G0Mlo5H1b251yDh5FFiH4NDAbYlFpvFjcuXX2AchZRf9zdw57BDE/ADyWsJgA8kixN/zZWBTN3iYA==}
    peerDependencies:
      react-refresh: '>=0.10.0 <1.0.0'
    peerDependenciesMeta:
      react-refresh:
        optional: true

  '@swc/helpers@0.5.13':
    resolution: {integrity: sha512-UoKGxQ3r5kYI9dALKJapMmuK+1zWM/H17Z1+iwnNmzcJRnfFuevZs375TA5rW31pu4BS4NoSy1fRsexDXfWn5w==}

  '@types/prop-types@15.7.12':
    resolution: {integrity: sha512-5zvhXYtRNRluoE/jAp4GVsSduVUzNWKkOZrCDBWYtE7biZywwdC2AcEzg+cSMLFRfVgeAFqpfNabiPjxFddV1Q==}

  '@types/react-dom@18.3.0':
    resolution: {integrity: sha512-EhwApuTmMBmXuFOikhQLIBUn6uFg81SwLMOAUgodJF14SOBOCMdU04gDoYi0WOJJHD144TL32z4yDqCW3dnkQg==}

  '@types/react@18.3.5':
    resolution: {integrity: sha512-WeqMfGJLGuLCqHGYRGHxnKrXcTitc6L/nBUWfWPcTarG3t9PsquqUMuVeXZeca+mglY4Vo5GZjCi0A3Or2lnxA==}

  '@wasm-fmt/biome_fmt@0.1.10':
    resolution: {integrity: sha512-PWFgZVhfS5gW9NX9EUNkeTZb2tPdATqgvaOUayx/6wksdqJT7Y8IMRv4We7J379j1UKt4R//lj4UaNM8z2y7jQ==}

  caniuse-lite@1.0.30001660:
    resolution: {integrity: sha512-GacvNTTuATm26qC74pt+ad1fW15mlQ/zuTzzY1ZoIzECTP8HURDfF43kNxPgf7H1jmelCBQTTbBNxdSXOA7Bqg==}

  core-js@3.38.1:
    resolution: {integrity: sha512-OP35aUorbU3Zvlx7pjsFdu1rGNnD4pgw/CWoYzRY3t2EzoVT7shKHY1dlAy3f41cGIO7ZDPQimhGFTlEYkG/Hw==}

  csstype@3.1.3:
    resolution: {integrity: sha512-M1uQkMl8rQK/szD0LNhtqxIPLpimGm8sOBwU7lLnCpSbTyY3yeU1Vc7l4KT5zT4s/yOxHH5O7tIuuLOCnLADRw==}

  dprint@0.47.2:
    resolution: {integrity: sha512-geUcVIIrmLaY+YtuOl4gD7J/QCjsXZa5gUqre9sO6cgH0X/Fa9heBN3l/AWVII6rKPw45ATuCSDWz1pyO+HkPQ==}
    hasBin: true

  error-stack-parser@2.1.4:
    resolution: {integrity: sha512-Sk5V6wVazPhq5MhpO+AUxJn5x7XSXGl1R93Vn7i+zS15KDVxQijejNCrz8340/2bgLBjR9GtEG8ZVKONDjcqGQ==}

  fsevents@2.3.3:
    resolution: {integrity: sha512-5xoDfX+fL7faATnagmWPpbFtwh/R77WmMMqqHGS65C3vvB0YHrgF+B1YmZ3441tMj5n63k0212XNoJwzlhffQw==}
    engines: {node: ^8.16.0 || ^10.6.0 || >=11.0.0}
    os: [darwin]

  gen_dep_tag@0.0.3:
    resolution: {integrity: sha512-2TCKUqo7dBlyEtrHRg24lRXj54qfgW7bAyC04OeF/IID/JS91yy5AIfTtcQvraVT+TK2A/F95DDXpZmbG2J7pw==}

  html-entities@2.5.2:
    resolution: {integrity: sha512-K//PSRMQk4FZ78Kyau+mZurHn3FH0Vwr+H36eE0rPbeYkRRi9YxceYPhuN60UwWorxyKHhqoAJl2OFKa4BVtaA==}

  lz-string@1.5.0:
    resolution: {integrity: sha512-h5bgJWpxJNswbU7qCrV0tIKQCaS3blPDrqKWx+QxzuzL1zGUzij9XCWLrSLsJPu5t+eWA/ycetzYAO5IOMcWAQ==}
    hasBin: true

  monaco-editor@0.52.0:
    resolution: {integrity: sha512-OeWhNpABLCeTqubfqLMXGsqf6OmPU6pHM85kF3dhy6kq5hnhuVS1p3VrEW/XhWHc71P2tHyS5JFySD8mgs1crw==}

  oxlint@0.9.3:
    resolution: {integrity: sha512-ecC+nASibeOMBH9clpbBYKgLn/HB0PhaeyD/L3pZ5FTM1HJqYKsOwYmv9npULrN6oTA1JEkE3VRRk9H+Jev9WQ==}
    engines: {node: '>=14.*'}
    hasBin: true

  react-dom@18.3.0-canary-c3048aab4-20240326:
    resolution: {integrity: sha512-tZYbOVfznc27fKOHG5VNQaSFrHecnDZiJWQ+vt0H0k2jh7klkNQDpzqRtw6dWxno+mpUHyKYZ0khn5iRYpVipQ==}
    peerDependencies:
      react: 18.3.0-canary-c3048aab4-20240326

  react-refresh@0.14.2:
    resolution: {integrity: sha512-jCvmsr+1IUSMUyzOkRcvnVbX3ZYC6g9TDrDbFuFmRDq7PD4yaGbLKNQL6k2jnArV8hjYxh7hVhAZB6s9HDGpZA==}
    engines: {node: '>=0.10.0'}

  react-resizable-panels@2.1.2:
    resolution: {integrity: sha512-Ku2Bo7JvE8RpHhl4X1uhkdeT9auPBoxAOlGTqomDUUrBAX2mVGuHYZTcWvlnJSgx0QyHIxHECgGB5XVPUbUOkQ==}
    peerDependencies:
      react: ^16.14.0 || ^17.0.0 || ^18.0.0
      react-dom: ^16.14.0 || ^17.0.0 || ^18.0.0

  react@18.3.0-canary-c3048aab4-20240326:
    resolution: {integrity: sha512-luG9vwr1P496ZYwX2nS4HJQ6ZYU1+014hVBR1HtAnfYZyPPaByAlrKzcE4uembPeRtkA02aQfh6MSOtorY4Aeg==}
    engines: {node: '>=0.10.0'}

  scheduler@0.24.0-canary-c3048aab4-20240326:
    resolution: {integrity: sha512-CgNwRUuLgO+trb2HShYfR22XYfQU7jYZrOfoPO4RzUDMIKO3ZbwQFGhW8wuQ3LlzlJXVpExB2vRQep5mZmgDrg==}

  stackframe@1.3.4:
    resolution: {integrity: sha512-oeVtt7eWQS+Na6F//S4kJ2K2VbRlS9D43mAlMyVpVWovy9o+jfgH8O9agzANzaiLjclA0oYzUXEM4PurhSUChw==}

  state-local@1.0.7:
    resolution: {integrity: sha512-HTEHMNieakEnoe33shBYcZ7NX83ACUjCu8c40iOGEZsngj9zRnkqS9j1pqQPXwobB0ZcVTk27REb7COQ0UR59w==}

  tslib@2.7.0:
    resolution: {integrity: sha512-gLXCKdN1/j47AiHiOkJN69hJmcbGTHI0ImLmbYLHykhgeN0jVGola9yVjFgzCUklsZQMW55o+dW7IXv3RCXDzA==}

  typescript@5.6.2:
    resolution: {integrity: sha512-NW8ByodCSNCwZeghjN3o+JX5OFH0Ojg6sadjEKY4huZ52TqbJTJnDo5+Tw98lSy63NZvi4n+ez5m2u5d4PkZyw==}
    engines: {node: '>=14.17'}
    hasBin: true

snapshots:

  '@dprint/darwin-arm64@0.47.2':
    optional: true

  '@dprint/darwin-x64@0.47.2':
    optional: true

  '@dprint/linux-arm64-glibc@0.47.2':
    optional: true

  '@dprint/linux-arm64-musl@0.47.2':
    optional: true

  '@dprint/linux-x64-glibc@0.47.2':
    optional: true

  '@dprint/linux-x64-musl@0.47.2':
    optional: true

  '@dprint/win32-arm64@0.47.2':
    optional: true

  '@dprint/win32-x64@0.47.2':
    optional: true

  '@module-federation/runtime-tools@0.5.1':
    dependencies:
      '@module-federation/runtime': 0.5.1
      '@module-federation/webpack-bundler-runtime': 0.5.1

  '@module-federation/runtime@0.5.1':
    dependencies:
      '@module-federation/sdk': 0.5.1

  '@module-federation/sdk@0.5.1': {}

  '@module-federation/webpack-bundler-runtime@0.5.1':
    dependencies:
      '@module-federation/runtime': 0.5.1
      '@module-federation/sdk': 0.5.1

  '@monaco-editor/loader@1.4.0(monaco-editor@0.52.0)':
    dependencies:
      monaco-editor: 0.52.0
      state-local: 1.0.7

  '@monaco-editor/react@4.6.0(patch_hash=7rehcztlh3wnmwcrogrsf6w34i)(monaco-editor@0.52.0)(react-dom@18.3.0-canary-c3048aab4-20240326(react@18.3.0-canary-c3048aab4-20240326))(react@18.3.0-canary-c3048aab4-20240326)':
    dependencies:
      '@monaco-editor/loader': 1.4.0(monaco-editor@0.52.0)
      monaco-editor: 0.52.0
      react: 18.3.0-canary-c3048aab4-20240326
      react-dom: 18.3.0-canary-c3048aab4-20240326(react@18.3.0-canary-c3048aab4-20240326)

  '@oxlint/darwin-arm64@0.9.3':
    optional: true

  '@oxlint/darwin-x64@0.9.3':
    optional: true

  '@oxlint/linux-arm64-gnu@0.9.3':
    optional: true

  '@oxlint/linux-arm64-musl@0.9.3':
    optional: true

  '@oxlint/linux-x64-gnu@0.9.3':
    optional: true

  '@oxlint/linux-x64-musl@0.9.3':
    optional: true

  '@oxlint/win32-arm64@0.9.3':
    optional: true

  '@oxlint/win32-x64@0.9.3':
    optional: true

  '@rsbuild/core@1.0.4':
    dependencies:
      '@rspack/core': 1.0.5(@swc/helpers@0.5.13)
      '@rspack/lite-tapable': 1.0.0
      '@swc/helpers': 0.5.13
      caniuse-lite: 1.0.30001660
      core-js: 3.38.1
    optionalDependencies:
      fsevents: 2.3.3

  '@rsbuild/plugin-react@1.0.1(@rsbuild/core@1.0.4)':
    dependencies:
      '@rsbuild/core': 1.0.4
      '@rspack/plugin-react-refresh': 1.0.0(react-refresh@0.14.2)
      react-refresh: 0.14.2

  '@rspack/binding-darwin-arm64@1.0.5':
    optional: true

  '@rspack/binding-darwin-x64@1.0.5':
    optional: true

  '@rspack/binding-linux-arm64-gnu@1.0.5':
    optional: true

  '@rspack/binding-linux-arm64-musl@1.0.5':
    optional: true

  '@rspack/binding-linux-x64-gnu@1.0.5':
    optional: true

  '@rspack/binding-linux-x64-musl@1.0.5':
    optional: true

  '@rspack/binding-win32-arm64-msvc@1.0.5':
    optional: true

  '@rspack/binding-win32-ia32-msvc@1.0.5':
    optional: true

  '@rspack/binding-win32-x64-msvc@1.0.5':
    optional: true

  '@rspack/binding@1.0.5':
    optionalDependencies:
      '@rspack/binding-darwin-arm64': 1.0.5
      '@rspack/binding-darwin-x64': 1.0.5
      '@rspack/binding-linux-arm64-gnu': 1.0.5
      '@rspack/binding-linux-arm64-musl': 1.0.5
      '@rspack/binding-linux-x64-gnu': 1.0.5
      '@rspack/binding-linux-x64-musl': 1.0.5
      '@rspack/binding-win32-arm64-msvc': 1.0.5
      '@rspack/binding-win32-ia32-msvc': 1.0.5
      '@rspack/binding-win32-x64-msvc': 1.0.5

  '@rspack/core@1.0.5(@swc/helpers@0.5.13)':
    dependencies:
      '@module-federation/runtime-tools': 0.5.1
      '@rspack/binding': 1.0.5
      '@rspack/lite-tapable': 1.0.0
      caniuse-lite: 1.0.30001660
    optionalDependencies:
      '@swc/helpers': 0.5.13

  '@rspack/lite-tapable@1.0.0': {}

  '@rspack/plugin-react-refresh@1.0.0(react-refresh@0.14.2)':
    dependencies:
      error-stack-parser: 2.1.4
      html-entities: 2.5.2
    optionalDependencies:
      react-refresh: 0.14.2

  '@swc/helpers@0.5.13':
    dependencies:
      tslib: 2.7.0

  '@types/prop-types@15.7.12': {}

  '@types/react-dom@18.3.0':
    dependencies:
      '@types/react': 18.3.5

  '@types/react@18.3.5':
    dependencies:
      '@types/prop-types': 15.7.12
      csstype: 3.1.3

  '@wasm-fmt/biome_fmt@0.1.10': {}

  caniuse-lite@1.0.30001660: {}

  core-js@3.38.1: {}

  csstype@3.1.3: {}

  dprint@0.47.2:
    optionalDependencies:
      '@dprint/darwin-arm64': 0.47.2
      '@dprint/darwin-x64': 0.47.2
      '@dprint/linux-arm64-glibc': 0.47.2
      '@dprint/linux-arm64-musl': 0.47.2
      '@dprint/linux-x64-glibc': 0.47.2
      '@dprint/linux-x64-musl': 0.47.2
      '@dprint/win32-arm64': 0.47.2
      '@dprint/win32-x64': 0.47.2

  error-stack-parser@2.1.4:
    dependencies:
      stackframe: 1.3.4

  fsevents@2.3.3:
    optional: true

  gen_dep_tag@0.0.3: {}

  html-entities@2.5.2: {}

  lz-string@1.5.0: {}

  monaco-editor@0.52.0: {}

  oxlint@0.9.3:
    optionalDependencies:
      '@oxlint/darwin-arm64': 0.9.3
      '@oxlint/darwin-x64': 0.9.3
      '@oxlint/linux-arm64-gnu': 0.9.3
      '@oxlint/linux-arm64-musl': 0.9.3
      '@oxlint/linux-x64-gnu': 0.9.3
      '@oxlint/linux-x64-musl': 0.9.3
      '@oxlint/win32-arm64': 0.9.3
      '@oxlint/win32-x64': 0.9.3

  react-dom@18.3.0-canary-c3048aab4-20240326(react@18.3.0-canary-c3048aab4-20240326):
    dependencies:
      react: 18.3.0-canary-c3048aab4-20240326
      scheduler: 0.24.0-canary-c3048aab4-20240326

  react-refresh@0.14.2: {}

  react-resizable-panels@2.1.2(react-dom@18.3.0-canary-c3048aab4-20240326(react@18.3.0-canary-c3048aab4-20240326))(react@18.3.0-canary-c3048aab4-20240326):
    dependencies:
      react: 18.3.0-canary-c3048aab4-20240326
      react-dom: 18.3.0-canary-c3048aab4-20240326(react@18.3.0-canary-c3048aab4-20240326)

  react@18.3.0-canary-c3048aab4-20240326: {}

  scheduler@0.24.0-canary-c3048aab4-20240326: {}

  stackframe@1.3.4: {}

  state-local@1.0.7: {}

  tslib@2.7.0: {}

  typescript@5.6.2: {}
