lockfileVersion: '9.0'

settings:
  autoInstallPeers: true
  excludeLinksFromLockfile: false

patchedDependencies:
  '@monaco-editor/react@4.6.0':
    hash: 7rehcztlh3wnmwcrogrsf6w34i
    path: patches/@monaco-editor__react@4.6.0.patch

importers:

  .:
    dependencies:
      '@monaco-editor/loader':
        specifier: ^1.4.0
        version: 1.4.0(monaco-editor@0.52.0)
      '@monaco-editor/react':
        specifier: ^4.6.0
        version: 4.6.0(patch_hash=7rehcztlh3wnmwcrogrsf6w34i)(monaco-editor@0.52.0)(react-dom@19.0.0(react@19.0.0))(react@19.0.0)
      '@wasm-fmt/biome_fmt':
        specifier: ^0.1.12
        version: 0.1.12
      lz-string:
        specifier: ^1.5.0
        version: 1.5.0
      react:
        specifier: 19.0.0
        version: 19.0.0
      react-dom:
        specifier: 19.0.0
        version: 19.0.0(react@19.0.0)
      react-resizable-panels:
        specifier: ^2.1.7
        version: 2.1.7(react-dom@19.0.0(react@19.0.0))(react@19.0.0)
    devDependencies:
      '@rsbuild/core':
        specifier: 1.1.13
        version: 1.1.13
      '@rsbuild/plugin-react':
        specifier: 1.1.0
        version: 1.1.0(@rsbuild/core@1.1.13)
      '@types/react':
        specifier: ^19.0.0
        version: 19.0.0
      '@types/react-dom':
        specifier: ^19.0.0
        version: 19.0.0
      dprint:
        specifier: ^0.47.6
        version: 0.47.6
      gen_dep_tag:
        specifier: ^0.0.3
        version: 0.0.3
      monaco-editor:
        specifier: ^0.52.0
        version: 0.52.0
      oxlint:
        specifier: ^0.14.1
        version: 0.14.1
      typescript:
        specifier: ^5.7.2
        version: 5.8.2

packages:

  '@dprint/darwin-arm64@0.47.6':
    resolution: {integrity: sha512-DrtKVOH7Ue6QYsqsUfUwBlTkSZNF2j35xqyI6KimUT1ulgUPocLG53JC/Aej9KuSCPmt4M3J40xxPKRgIM4jPA==}
    cpu: [arm64]
    os: [darwin]

  '@dprint/darwin-x64@0.47.6':
    resolution: {integrity: sha512-p16a4lMbAo4RngbNTAmtREnIRI/cOcZFy5wHPIzbCDnnHI+4UyHiAypTrpF8U8EYx1tw3hgih2MyAuupa9Gfag==}
    cpu: [x64]
    os: [darwin]

  '@dprint/linux-arm64-glibc@0.47.6':
    resolution: {integrity: sha512-WHphnk0oXpNzwJ9cjbddOL+hEZkXTvHxcA2pM1h1kWCBa5m+4qh0fg8YCktckMfHx1qdQuZYWRoT4l7yQbzWYA==}
    cpu: [arm64]
    os: [linux]

  '@dprint/linux-arm64-musl@0.47.6':
    resolution: {integrity: sha512-/2cSPudajg8J0U69ldNZkJx5QiKZNh+ohNVM9leWZ8v6GXN6sJDHX3T6hzS3ohIb03YOCiLOrJZDy9j3+fSgdQ==}
    cpu: [arm64]
    os: [linux]

  '@dprint/linux-riscv64-glibc@0.47.6':
    resolution: {integrity: sha512-RMHJ3Zuzpls426upHlAveVwlGMi8oBLzhiCauyC/yWQl3CkGTAYdyhEpGnux0+RxacysfIL2bd8ourx4K0Sx3w==}
    cpu: [riscv64]
    os: [linux]

  '@dprint/linux-x64-glibc@0.47.6':
    resolution: {integrity: sha512-4zbVsx/a8lHkRyAjfW0PNlN5IMwOJfFapgXNYJowWNO7X3j3m1jYJWovjmdZls+d6pDeOHoanMWtq95wd7zTeQ==}
    cpu: [x64]
    os: [linux]

  '@dprint/linux-x64-musl@0.47.6':
    resolution: {integrity: sha512-0C13t4OVzomgQjvUyD5IrRyjLDhGuOtqMo00uJlwn3QHucfgOBqkjyQ5fq7T6+grBse0m14/EWblvSbYkZpyDw==}
    cpu: [x64]
    os: [linux]

  '@dprint/win32-arm64@0.47.6':
    resolution: {integrity: sha512-UOkeFMBdGIuGNwfkrJdVM9eNiRMdbZRRGVy0Cdo2AXn/FCDVqZ74KJkvYVcoUE27GCytHi4Sp1s4at7659WCOw==}
    cpu: [arm64]
    os: [win32]

  '@dprint/win32-x64@0.47.6':
    resolution: {integrity: sha512-i9xwXR8V8Jk/wU1gsYKx15eb0ypBRbRZFkHsnHfC0ZBimcfEOibGnGcfv+UCUcumXtnV46TnBqaJW7H70J1J+A==}
    cpu: [x64]
    os: [win32]

  '@module-federation/runtime-tools@0.5.1':
    resolution: {integrity: sha512-nfBedkoZ3/SWyO0hnmaxuz0R0iGPSikHZOAZ0N/dVSQaIzlffUo35B5nlC2wgWIc0JdMZfkwkjZRrnuuDIJbzg==}

  '@module-federation/runtime@0.5.1':
    resolution: {integrity: sha512-xgiMUWwGLWDrvZc9JibuEbXIbhXg6z2oUkemogSvQ4LKvrl/n0kbqP1Blk669mXzyWbqtSp6PpvNdwaE1aN5xQ==}

  '@module-federation/sdk@0.5.1':
    resolution: {integrity: sha512-exvchtjNURJJkpqjQ3/opdbfeT2wPKvrbnGnyRkrwW5o3FH1LaST1tkiNviT6OXTexGaVc2DahbdniQHVtQ7pA==}

  '@module-federation/webpack-bundler-runtime@0.5.1':
    resolution: {integrity: sha512-mMhRFH0k2VjwHt3Jol9JkUsmI/4XlrAoBG3E0o7HoyoPYv1UFOWyqAflfANcUPgbYpvqmyLzDcO+3IT36LXnrA==}

  '@monaco-editor/loader@1.4.0':
    resolution: {integrity: sha512-00ioBig0x642hytVspPl7DbQyaSWRaolYie/UFNjoTdvoKPzo6xrXLhTk9ixgIKcLH5b5vDOjVNiGyY+uDCUlg==}
    peerDependencies:
      monaco-editor: '>= 0.21.0 < 1'

  '@monaco-editor/react@4.6.0':
    resolution: {integrity: sha512-RFkU9/i7cN2bsq/iTkurMWOEErmYcY6JiQI3Jn+WeR/FGISH8JbHERjpS9oRuSOPvDMJI0Z8nJeKkbOs9sBYQw==}
    peerDependencies:
      monaco-editor: '>= 0.25.0 < 1'
      react: ^16.8.0 || ^17.0.0 || ^18.0.0
      react-dom: ^16.8.0 || ^17.0.0 || ^18.0.0

  '@oxlint/darwin-arm64@0.14.1':
    resolution: {integrity: sha512-P76G8QCHOkLm+8HYk2/5uR4sPnx6uxE5Y8ik8dgCV0XjrNR+/Sg8v2aQ1BmWeEnPGkBXTt1VSECO9BdT1HVeDw==}
    cpu: [arm64]
    os: [darwin]

  '@oxlint/darwin-x64@0.14.1':
    resolution: {integrity: sha512-bFsNkDtiDEhBKsX2DGLGCVhaRSDP2VgnNHOejjVnLK2LURvOglHMrp4NXxxtHArPAfiP6oezja6q8GmsQbcZ4w==}
    cpu: [x64]
    os: [darwin]

  '@oxlint/linux-arm64-gnu@0.14.1':
    resolution: {integrity: sha512-OWJY1qxJgsaLyQvh97MdpI2Mr8FD90ssGw8o0rG63lWIc3PJESmq9NKU0ZwwUbPbbEpKmwdG3aiZRjh4G1k0cQ==}
    cpu: [arm64]
    os: [linux]

  '@oxlint/linux-arm64-musl@0.14.1':
    resolution: {integrity: sha512-GPbggyGQV4+5JzpA7l+1liPHkzCDB9ZyPLcHpRtNJJfTQ60JnBww4l3eR7LCukiAor6Sxmlbl+t1OZGjL3zUUA==}
    cpu: [arm64]
    os: [linux]

  '@oxlint/linux-x64-gnu@0.14.1':
    resolution: {integrity: sha512-4ug2y9fEa2MB4wAFfITkm1oJ2m14YjWQaKxKN9bRazPng2k3wivVAvwc6tKj866HftZxXo3FlOIrE1YP6BxcSw==}
    cpu: [x64]
    os: [linux]

  '@oxlint/linux-x64-musl@0.14.1':
    resolution: {integrity: sha512-bsG5ZxFWKml6BQMHbusvNsEU3O0a5BurlrtdXyxlOBZyrWyG6v3pcXM+NX4YT8gaeoK71iCH5I+ymwI9KOwO/w==}
    cpu: [x64]
    os: [linux]

  '@oxlint/win32-arm64@0.14.1':
    resolution: {integrity: sha512-Soc3kRTqz++kleXz+Y4IlfiGY+cwXlOiLCVwcRMAnY+TSaP4h2tPXN/cbOypsE7PPq2/kk7JPGUaEKZ/i4G23A==}
    cpu: [arm64]
    os: [win32]

  '@oxlint/win32-x64@0.14.1':
    resolution: {integrity: sha512-qyjlv5XPxKJ1g9F4ZpNP0m/I2tgHj4lebmyAveaLos3RZWut983WaK3abq4Mr74mIiwfyLA67/m2khG5aXYN2Q==}
    cpu: [x64]
    os: [win32]

  '@rsbuild/core@1.1.13':
    resolution: {integrity: sha512-XBL2hrin8731W6iTGGL+x3cv07n4vm2D7u6XHRwtQkRfySzAqGx7ThlQLdNX/dJwfsoQrYQuWl/qzaljjXtGtg==}
    engines: {node: '>=16.7.0'}
    hasBin: true

  '@rsbuild/plugin-react@1.1.0':
    resolution: {integrity: sha512-uqdRoV2V91G1XIA14dAmxqYTlTDVf0ktpE7TgwG29oQ2j+DerF1kh29WPHK9HvGE34JTfaBrsme2Zmb6bGD0cw==}
    peerDependencies:
      '@rsbuild/core': 1.x

  '@rspack/binding-darwin-arm64@1.1.8':
    resolution: {integrity: sha512-I7avr471ghQ3LAqKm2fuXuJPLgQ9gffn5Q4nHi8rsukuZUtiLDPfYzK1QuupEp2JXRWM1gG5lIbSUOht3cD6Ug==}
    cpu: [arm64]
    os: [darwin]

  '@rspack/binding-darwin-x64@1.1.8':
    resolution: {integrity: sha512-vfqf/c+mcx8rr1M8LnqKmzDdnrgguflZnjGerBLjNerAc+dcUp3lCvNxRIvZ2TkSZZBW8BpCMgjj3n70CZ4VLQ==}
    cpu: [x64]
    os: [darwin]

  '@rspack/binding-linux-arm64-gnu@1.1.8':
    resolution: {integrity: sha512-lZlO/rAJSeozi+qtVLkGSXfe+riPawCwM4FsrflELfNlvvEXpANwtrdJ+LsaNVXcgvhh50ZX2KicTdmx9G2b6Q==}
    cpu: [arm64]
    os: [linux]

  '@rspack/binding-linux-arm64-musl@1.1.8':
    resolution: {integrity: sha512-bX7exULSZwy8xtDh6Z65b6sRC4uSxGuyvSLCEKyhmG6AnJkg0gQMxk3hoO0hWnyGEZgdJEn+jEhk0fjl+6ZRAQ==}
    cpu: [arm64]
    os: [linux]

  '@rspack/binding-linux-x64-gnu@1.1.8':
    resolution: {integrity: sha512-2Prw2USgTJ3aLdLExfik8pAwAHbX4MZrACBGEmR7Vbb56kLjC+++fXkciRc50pUDK4JFr1VQ7eNZrJuDR6GG6Q==}
    cpu: [x64]
    os: [linux]

  '@rspack/binding-linux-x64-musl@1.1.8':
    resolution: {integrity: sha512-bnVGB/mQBKEdzOU/CPmcOE3qEXxGOGGW7/i6iLl2MamVOykJq8fYjL9j86yi6L0r009ja16OgWckykQGc4UqGw==}
    cpu: [x64]
    os: [linux]

  '@rspack/binding-win32-arm64-msvc@1.1.8':
    resolution: {integrity: sha512-u+na3gxhzeksm4xZyAzn1+XWo5a5j7hgWA/KcFPDQ8qQNkRknx4jnQMxVtcZ9pLskAYV4AcOV/AIximx7zvv8A==}
    cpu: [arm64]
    os: [win32]

  '@rspack/binding-win32-ia32-msvc@1.1.8':
    resolution: {integrity: sha512-FijUxym1INd5fFHwVCLuVP8XEAb4Sk1sMwEEQUlugiDra9ZsLaPw4OgPGxbxkD6SB0DeUz9Zq46Xbcf6d3OgfA==}
    cpu: [ia32]
    os: [win32]

  '@rspack/binding-win32-x64-msvc@1.1.8':
    resolution: {integrity: sha512-SBzIcND4qpDt71jlu1MCDxt335tqInT3YID9V4DoQ4t8wgM/uad7EgKOWKTK6vc2RRaOIShfS2XzqjNUxPXh4w==}
    cpu: [x64]
    os: [win32]

  '@rspack/binding@1.1.8':
    resolution: {integrity: sha512-+/JzXx1HctfgPj+XtsCTbRkxiaOfAXGZZLEvs7jgp04WgWRSZ5u97WRCePNPvy+sCfOEH/2zw2ZK36Z7oQRGhQ==}

  '@rspack/core@1.1.8':
    resolution: {integrity: sha512-pcZtcj5iXLCuw9oElTYC47bp/RQADm/MMEb3djHdwJuSlFWfWPQi5QFgJ/lJAxIW9UNHnTFrYtytycfjpuoEcA==}
    engines: {node: '>=16.0.0'}
    peerDependencies:
      '@swc/helpers': '>=0.5.1'
    peerDependenciesMeta:
      '@swc/helpers':
        optional: true

  '@rspack/lite-tapable@1.0.1':
    resolution: {integrity: sha512-VynGOEsVw2s8TAlLf/uESfrgfrq2+rcXB1muPJYBWbsm1Oa6r5qVQhjA5ggM6z/coYPrsVMgovl3Ff7Q7OCp1w==}
    engines: {node: '>=16.0.0'}

  '@rspack/plugin-react-refresh@1.0.0':
    resolution: {integrity: sha512-WvXkLewW5G0Mlo5H1b251yDh5FFiH4NDAbYlFpvFjcuXX2AchZRf9zdw57BDE/ADyWsJgA8kixN/zZWBTN3iYA==}
    peerDependencies:
      react-refresh: '>=0.10.0 <1.0.0'
    peerDependenciesMeta:
      react-refresh:
        optional: true

  '@swc/helpers@0.5.15':
    resolution: {integrity: sha512-JQ5TuMi45Owi4/BIMAJBoSQoOJu12oOk/gADqlcUL9JEdHB8vyjUSsxqeNXnmXHjYKMi2WcYtezGEEhqUI/E2g==}

  '@types/react-dom@19.0.0':
    resolution: {integrity: sha512-1KfiQKsH1o00p9m5ag12axHQSb3FOU9H20UTrujVSkNhuCrRHiQWFqgEnTNK5ZNfnzZv8UWrnXVqCmCF9fgY3w==}

  '@types/react@19.0.0':
    resolution: {integrity: sha512-MY3oPudxvMYyesqs/kW1Bh8y9VqSmf+tzqw3ae8a9DZW68pUe3zAdHeI1jc6iAysuRdACnVknHP8AhwD4/dxtg==}

  '@wasm-fmt/biome_fmt@0.1.12':
    resolution: {integrity: sha512-2t7UdDh9sQ4JCXLXHfJeeqmeRcijbbgmLQ69sREWuYU7nMp8R/4F9g4bIEvJVvWmA4sNmPRvPJW/i3s5lDS11A==}

  caniuse-lite@1.0.30001687:
    resolution: {integrity: sha512-0S/FDhf4ZiqrTUiQ39dKeUjYRjkv7lOZU1Dgif2rIqrTzX/1wV2hfKu9TOm1IHkdSijfLswxTFzl/cvir+SLSQ==}

  core-js@3.39.0:
    resolution: {integrity: sha512-raM0ew0/jJUqkJ0E6e8UDtl+y/7ktFivgWvqw8dNSQeNWoSDLvQ1H/RN3aPXB9tBd4/FhyR4RDPGhsNIMsAn7g==}

  csstype@3.1.3:
    resolution: {integrity: sha512-M1uQkMl8rQK/szD0LNhtqxIPLpimGm8sOBwU7lLnCpSbTyY3yeU1Vc7l4KT5zT4s/yOxHH5O7tIuuLOCnLADRw==}

  dprint@0.47.6:
    resolution: {integrity: sha512-vCQC+IMHVZbISA5pxEj+yshQbozmQoVFA4lzcLlqJ8rzIAH8U+1DKvesN/2Uv3Bqz6rMW6W4WY7pYJQljmiZ8w==}
    hasBin: true

  error-stack-parser@2.1.4:
    resolution: {integrity: sha512-Sk5V6wVazPhq5MhpO+AUxJn5x7XSXGl1R93Vn7i+zS15KDVxQijejNCrz8340/2bgLBjR9GtEG8ZVKONDjcqGQ==}

  gen_dep_tag@0.0.3:
    resolution: {integrity: sha512-2TCKUqo7dBlyEtrHRg24lRXj54qfgW7bAyC04OeF/IID/JS91yy5AIfTtcQvraVT+TK2A/F95DDXpZmbG2J7pw==}

  html-entities@2.5.2:
    resolution: {integrity: sha512-K//PSRMQk4FZ78Kyau+mZurHn3FH0Vwr+H36eE0rPbeYkRRi9YxceYPhuN60UwWorxyKHhqoAJl2OFKa4BVtaA==}

  lz-string@1.5.0:
    resolution: {integrity: sha512-h5bgJWpxJNswbU7qCrV0tIKQCaS3blPDrqKWx+QxzuzL1zGUzij9XCWLrSLsJPu5t+eWA/ycetzYAO5IOMcWAQ==}
    hasBin: true

  monaco-editor@0.52.0:
    resolution: {integrity: sha512-OeWhNpABLCeTqubfqLMXGsqf6OmPU6pHM85kF3dhy6kq5hnhuVS1p3VrEW/XhWHc71P2tHyS5JFySD8mgs1crw==}

  oxlint@0.14.1:
    resolution: {integrity: sha512-FwcjPfQu806ibSv73Y9tUM8ezUyd811dp3JwEEOC/dIAgd93egRsRNnFauuAq/WuTjIDv73tbr9hB8MziH31Eg==}
    engines: {node: '>=14.*'}
    hasBin: true

  react-dom@19.0.0:
    resolution: {integrity: sha512-4GV5sHFG0e/0AD4X+ySy6UJd3jVl1iNsNHdpad0qhABJ11twS3TTBnseqsKurKcsNqCEFeGL3uLpVChpIO3QfQ==}
    peerDependencies:
      react: ^19.0.0

  react-refresh@0.16.0:
    resolution: {integrity: sha512-FPvF2XxTSikpJxcr+bHut2H4gJ17+18Uy20D5/F+SKzFap62R3cM5wH6b8WN3LyGSYeQilLEcJcR1fjBSI2S1A==}
    engines: {node: '>=0.10.0'}

  react-resizable-panels@2.1.7:
    resolution: {integrity: sha512-JtT6gI+nURzhMYQYsx8DKkx6bSoOGFp7A3CwMrOb8y5jFHFyqwo9m68UhmXRw57fRVJksFn1TSlm3ywEQ9vMgA==}
    peerDependencies:
      react: ^16.14.0 || ^17.0.0 || ^18.0.0 || ^19.0.0 || ^19.0.0-rc
      react-dom: ^16.14.0 || ^17.0.0 || ^18.0.0 || ^19.0.0 || ^19.0.0-rc

  react@19.0.0:
    resolution: {integrity: sha512-V8AVnmPIICiWpGfm6GLzCR/W5FXLchHop40W4nXBmdlEceh16rCN8O8LNWm5bh5XUX91fh7KpA+W0TgMKmgTpQ==}
    engines: {node: '>=0.10.0'}

  scheduler@0.25.0:
    resolution: {integrity: sha512-xFVuu11jh+xcO7JOAGJNOXld8/TcEHK/4CituBUeUb5hqxJLj9YuemAEuvm9gQ/+pgXYfbQuqAkiYu+u7YEsNA==}

  stackframe@1.3.4:
    resolution: {integrity: sha512-oeVtt7eWQS+Na6F//S4kJ2K2VbRlS9D43mAlMyVpVWovy9o+jfgH8O9agzANzaiLjclA0oYzUXEM4PurhSUChw==}

  state-local@1.0.7:
    resolution: {integrity: sha512-HTEHMNieakEnoe33shBYcZ7NX83ACUjCu8c40iOGEZsngj9zRnkqS9j1pqQPXwobB0ZcVTk27REb7COQ0UR59w==}

  tslib@2.8.1:
    resolution: {integrity: sha512-oJFu94HQb+KVduSUQL7wnpmqnfmLsOA/nAh6b6EH0wCEoK0/mPeXU6c3wKDV83MkOuHPRHtSXKKU99IBazS/2w==}

  typescript@5.8.2:
    resolution: {integrity: sha512-aJn6wq13/afZp/jT9QZmwEjDqqvSGp1VT5GVg+f/t6/oVyrgXM6BY1h9BRh/O5p3PlUPAe+WuiEZOmb/49RqoQ==}
    engines: {node: '>=14.17'}
    hasBin: true

snapshots:

  '@dprint/darwin-arm64@0.47.6':
    optional: true

  '@dprint/darwin-x64@0.47.6':
    optional: true

  '@dprint/linux-arm64-glibc@0.47.6':
    optional: true

  '@dprint/linux-arm64-musl@0.47.6':
    optional: true

  '@dprint/linux-riscv64-glibc@0.47.6':
    optional: true

  '@dprint/linux-x64-glibc@0.47.6':
    optional: true

  '@dprint/linux-x64-musl@0.47.6':
    optional: true

  '@dprint/win32-arm64@0.47.6':
    optional: true

  '@dprint/win32-x64@0.47.6':
    optional: true

  '@module-federation/runtime-tools@0.5.1':
    dependencies:
      '@module-federation/runtime': 0.5.1
      '@module-federation/webpack-bundler-runtime': 0.5.1

  '@module-federation/runtime@0.5.1':
    dependencies:
      '@module-federation/sdk': 0.5.1

  '@module-federation/sdk@0.5.1': {}

  '@module-federation/webpack-bundler-runtime@0.5.1':
    dependencies:
      '@module-federation/runtime': 0.5.1
      '@module-federation/sdk': 0.5.1

  '@monaco-editor/loader@1.4.0(monaco-editor@0.52.0)':
    dependencies:
      monaco-editor: 0.52.0
      state-local: 1.0.7

  '@monaco-editor/react@4.6.0(patch_hash=7rehcztlh3wnmwcrogrsf6w34i)(monaco-editor@0.52.0)(react-dom@19.0.0(react@19.0.0))(react@19.0.0)':
    dependencies:
      '@monaco-editor/loader': 1.4.0(monaco-editor@0.52.0)
      monaco-editor: 0.52.0
      react: 19.0.0
      react-dom: 19.0.0(react@19.0.0)

  '@oxlint/darwin-arm64@0.14.1':
    optional: true

  '@oxlint/darwin-x64@0.14.1':
    optional: true

  '@oxlint/linux-arm64-gnu@0.14.1':
    optional: true

  '@oxlint/linux-arm64-musl@0.14.1':
    optional: true

  '@oxlint/linux-x64-gnu@0.14.1':
    optional: true

  '@oxlint/linux-x64-musl@0.14.1':
    optional: true

  '@oxlint/win32-arm64@0.14.1':
    optional: true

  '@oxlint/win32-x64@0.14.1':
    optional: true

  '@rsbuild/core@1.1.13':
    dependencies:
      '@rspack/core': 1.1.8(@swc/helpers@0.5.15)
      '@rspack/lite-tapable': 1.0.1
      '@swc/helpers': 0.5.15
      core-js: 3.39.0

  '@rsbuild/plugin-react@1.1.0(@rsbuild/core@1.1.13)':
    dependencies:
      '@rsbuild/core': 1.1.13
      '@rspack/plugin-react-refresh': 1.0.0(react-refresh@0.16.0)
      react-refresh: 0.16.0

  '@rspack/binding-darwin-arm64@1.1.8':
    optional: true

  '@rspack/binding-darwin-x64@1.1.8':
    optional: true

  '@rspack/binding-linux-arm64-gnu@1.1.8':
    optional: true

  '@rspack/binding-linux-arm64-musl@1.1.8':
    optional: true

  '@rspack/binding-linux-x64-gnu@1.1.8':
    optional: true

  '@rspack/binding-linux-x64-musl@1.1.8':
    optional: true

  '@rspack/binding-win32-arm64-msvc@1.1.8':
    optional: true

  '@rspack/binding-win32-ia32-msvc@1.1.8':
    optional: true

  '@rspack/binding-win32-x64-msvc@1.1.8':
    optional: true

  '@rspack/binding@1.1.8':
    optionalDependencies:
      '@rspack/binding-darwin-arm64': 1.1.8
      '@rspack/binding-darwin-x64': 1.1.8
      '@rspack/binding-linux-arm64-gnu': 1.1.8
      '@rspack/binding-linux-arm64-musl': 1.1.8
      '@rspack/binding-linux-x64-gnu': 1.1.8
      '@rspack/binding-linux-x64-musl': 1.1.8
      '@rspack/binding-win32-arm64-msvc': 1.1.8
      '@rspack/binding-win32-ia32-msvc': 1.1.8
      '@rspack/binding-win32-x64-msvc': 1.1.8

  '@rspack/core@1.1.8(@swc/helpers@0.5.15)':
    dependencies:
      '@module-federation/runtime-tools': 0.5.1
      '@rspack/binding': 1.1.8
      '@rspack/lite-tapable': 1.0.1
      caniuse-lite: 1.0.30001687
    optionalDependencies:
      '@swc/helpers': 0.5.15

  '@rspack/lite-tapable@1.0.1': {}

  '@rspack/plugin-react-refresh@1.0.0(react-refresh@0.16.0)':
    dependencies:
      error-stack-parser: 2.1.4
      html-entities: 2.5.2
    optionalDependencies:
      react-refresh: 0.16.0

  '@swc/helpers@0.5.15':
    dependencies:
      tslib: 2.8.1

  '@types/react-dom@19.0.0':
    dependencies:
      '@types/react': 19.0.0

  '@types/react@19.0.0':
    dependencies:
      csstype: 3.1.3

  '@wasm-fmt/biome_fmt@0.1.12': {}

  caniuse-lite@1.0.30001687: {}

  core-js@3.39.0: {}

  csstype@3.1.3: {}

  dprint@0.47.6:
    optionalDependencies:
      '@dprint/darwin-arm64': 0.47.6
      '@dprint/darwin-x64': 0.47.6
      '@dprint/linux-arm64-glibc': 0.47.6
      '@dprint/linux-arm64-musl': 0.47.6
      '@dprint/linux-riscv64-glibc': 0.47.6
      '@dprint/linux-x64-glibc': 0.47.6
      '@dprint/linux-x64-musl': 0.47.6
      '@dprint/win32-arm64': 0.47.6
      '@dprint/win32-x64': 0.47.6

  error-stack-parser@2.1.4:
    dependencies:
      stackframe: 1.3.4

  gen_dep_tag@0.0.3: {}

  html-entities@2.5.2: {}

  lz-string@1.5.0: {}

  monaco-editor@0.52.0: {}

  oxlint@0.14.1:
    optionalDependencies:
      '@oxlint/darwin-arm64': 0.14.1
      '@oxlint/darwin-x64': 0.14.1
      '@oxlint/linux-arm64-gnu': 0.14.1
      '@oxlint/linux-arm64-musl': 0.14.1
      '@oxlint/linux-x64-gnu': 0.14.1
      '@oxlint/linux-x64-musl': 0.14.1
      '@oxlint/win32-arm64': 0.14.1
      '@oxlint/win32-x64': 0.14.1

  react-dom@19.0.0(react@19.0.0):
    dependencies:
      react: 19.0.0
      scheduler: 0.25.0

  react-refresh@0.16.0: {}

  react-resizable-panels@2.1.7(react-dom@19.0.0(react@19.0.0))(react@19.0.0):
    dependencies:
      react: 19.0.0
      react-dom: 19.0.0(react@19.0.0)

  react@19.0.0: {}

  scheduler@0.25.0: {}

  stackframe@1.3.4: {}

  state-local@1.0.7: {}

  tslib@2.8.1: {}

  typescript@5.8.2: {}
