lockfileVersion: '9.0'

settings:
  autoInstallPeers: true
  excludeLinksFromLockfile: false

patchedDependencies:
  '@monaco-editor/react@4.6.0':
    hash: 7rehcztlh3wnmwcrogrsf6w34i
    path: patches/@monaco-editor__react@4.6.0.patch

importers:

  .:
    dependencies:
      '@monaco-editor/loader':
        specifier: ^1.4.0
        version: 1.4.0(monaco-editor@0.50.0)
      '@monaco-editor/react':
        specifier: ^4.6.0
        version: 4.6.0(patch_hash=7rehcztlh3wnmwcrogrsf6w34i)(monaco-editor@0.50.0)(react-dom@18.3.0-canary-c3048aab4-20240326(react@18.3.0-canary-c3048aab4-20240326))(react@18.3.0-canary-c3048aab4-20240326)
      '@wasm-fmt/biome_fmt':
        specifier: ^0.1.10
        version: 0.1.10
      lz-string:
        specifier: ^1.5.0
        version: 1.5.0
      react:
        specifier: 18.3.0-canary-c3048aab4-20240326
        version: 18.3.0-canary-c3048aab4-20240326
      react-dom:
        specifier: 18.3.0-canary-c3048aab4-20240326
        version: 18.3.0-canary-c3048aab4-20240326(react@18.3.0-canary-c3048aab4-20240326)
      react-resizable-panels:
        specifier: ^2.0.19
        version: 2.0.19(react-dom@18.3.0-canary-c3048aab4-20240326(react@18.3.0-canary-c3048aab4-20240326))(react@18.3.0-canary-c3048aab4-20240326)
    devDependencies:
      '@rsbuild/core':
        specifier: ^0.7.9
        version: 0.7.9
      '@rsbuild/plugin-react':
        specifier: ^0.7.9
        version: 0.7.10(@rsbuild/core@0.7.9)(@swc/helpers@0.5.3)
      '@types/react':
        specifier: ^18.3.3
        version: 18.3.3
      '@types/react-dom':
        specifier: ^18.3.0
        version: 18.3.0
      dprint:
        specifier: ^0.46.3
        version: 0.46.3
      gen_dep_tag:
        specifier: ^0.0.3
        version: 0.0.3
      monaco-editor:
        specifier: ^0.50.0
        version: 0.50.0
      oxlint:
        specifier: ^0.4.4
        version: 0.4.4
      typescript:
        specifier: ^5.5.2
        version: 5.5.2

packages:

  '@dprint/darwin-arm64@0.46.3':
    resolution: {integrity: sha512-1ycDpGvclGHF3UG5V6peymPDg6ouNTqM6BjhVELQ6zwr+X98AMhq/1slgO8hwHtPcaS5qhTAS+PkzOmBJRegow==}
    cpu: [arm64]
    os: [darwin]

  '@dprint/darwin-x64@0.46.3':
    resolution: {integrity: sha512-v5IpLmrY836Q5hJAxZuX097ZNQvoZgO6JKO4bK4l6XDhhHAw2XTIUr41+FM5r36ENxyASMk0NpHjhcHtih3o0g==}
    cpu: [x64]
    os: [darwin]

  '@dprint/linux-arm64-glibc@0.46.3':
    resolution: {integrity: sha512-9P13g1vgV8RfQH2qBGa8YAfaOeWA42RIhj7lmWRpkDFtwau96reMKwnBBn8bHUnc5e6bSsbPUOMb/X1KMUKz/g==}
    cpu: [arm64]
    os: [linux]

  '@dprint/linux-arm64-musl@0.46.3':
    resolution: {integrity: sha512-AAcdcMSZ6DEIoY9E0xQHjkZP+THP7EWsQge4TWzglSIjzn31YltglHAGYFcLB4CTJYpF0NsFDNFktzgkO+s0og==}
    cpu: [arm64]
    os: [linux]

  '@dprint/linux-x64-glibc@0.46.3':
    resolution: {integrity: sha512-c5cQ3G1rC64nBZ8Pd2LGWwzkEk4D7Ax9NrBbwYmNPvs6mFbGlJPC1+RD95x2WwIrIlMIciLG+Kxmt25PzBphmg==}
    cpu: [x64]
    os: [linux]

  '@dprint/linux-x64-musl@0.46.3':
    resolution: {integrity: sha512-ONtk2QtLcV0TqWOCOqzUFQixgk3JC+vnJLB5L6tQwT7BX5LzeircfE/1f4dg459iqejNC9MBXZkHnXqabvWSow==}
    cpu: [x64]
    os: [linux]

  '@dprint/win32-x64@0.46.3':
    resolution: {integrity: sha512-xvj4DSEilf0gGdT7CqnwNEgfWNuWqT6eIBxHDEUbmcn1vZ7IwirtqRq/nm3lmYtQaJ4EbtMQZvACHZwxC7G96w==}
    cpu: [x64]
    os: [win32]

  '@module-federation/runtime-tools@0.1.6':
    resolution: {integrity: sha512-7ILVnzMIa0Dlc0Blck5tVZG1tnk1MmLnuZpLOMpbdW+zl+N6wdMjjHMjEZFCUAJh2E5XJ3BREwfX8Ets0nIkLg==}

  '@module-federation/runtime@0.1.6':
    resolution: {integrity: sha512-nj6a+yJ+QxmcE89qmrTl4lphBIoAds0PFPVGnqLRWflwAP88jrCcrrTqRhARegkFDL+wE9AE04+h6jzlbIfMKg==}

  '@module-federation/sdk@0.1.6':
    resolution: {integrity: sha512-qifXpyYLM7abUeEOIfv0oTkguZgRZuwh89YOAYIZJlkP6QbRG7DJMQvtM8X2yHXm9PTk0IYNnOJH0vNQCo6auQ==}

  '@module-federation/webpack-bundler-runtime@0.1.6':
    resolution: {integrity: sha512-K5WhKZ4RVNaMEtfHsd/9CNCgGKB0ipbm/tgweNNeC11mEuBTNxJ09Y630vg3WPkKv9vfMCuXg2p2Dk+Q/KWTSA==}

  '@monaco-editor/loader@1.4.0':
    resolution: {integrity: sha512-00ioBig0x642hytVspPl7DbQyaSWRaolYie/UFNjoTdvoKPzo6xrXLhTk9ixgIKcLH5b5vDOjVNiGyY+uDCUlg==}
    peerDependencies:
      monaco-editor: '>= 0.21.0 < 1'

  '@monaco-editor/react@4.6.0':
    resolution: {integrity: sha512-RFkU9/i7cN2bsq/iTkurMWOEErmYcY6JiQI3Jn+WeR/FGISH8JbHERjpS9oRuSOPvDMJI0Z8nJeKkbOs9sBYQw==}
    peerDependencies:
      monaco-editor: '>= 0.25.0 < 1'
      react: ^16.8.0 || ^17.0.0 || ^18.0.0
      react-dom: ^16.8.0 || ^17.0.0 || ^18.0.0

  '@oxlint/darwin-arm64@0.4.4':
    resolution: {integrity: sha512-3XqHh9uz9IROFRSJTkH81BDHERglneH4YzcchWOlkckCTHh/V5/THbTY6sA7FK3a7uJVysKJu0zgRhsyXoUNUA==}
    cpu: [arm64]
    os: [darwin]

  '@oxlint/darwin-x64@0.4.4':
    resolution: {integrity: sha512-41/as9u+MRTmY0egr42j9Q7RMNoKEy1Uw/v+4K/5gJp1cnY99K7pGsqgbD6nMvaDbenbt8vwNSYoF2UzmUDcoQ==}
    cpu: [x64]
    os: [darwin]

  '@oxlint/linux-arm64-gnu@0.4.4':
    resolution: {integrity: sha512-LTOtEliKPWJzVC6qs1M0IoND0yFchWkKS6agFSmzGmfe523geC+eATq3slFvUPdSzdLAgk6v2juol7JxaI2+vg==}
    cpu: [arm64]
    os: [linux]

  '@oxlint/linux-arm64-musl@0.4.4':
    resolution: {integrity: sha512-hTmCi57YnUUxUxOWSdLEdN7IFkcJylsAZuWcVLjMCiPtTcyTeY6wPrUFqNSGLG+Gvqj/2g0aqzKt3eJBfDSOzg==}
    cpu: [arm64]
    os: [linux]

  '@oxlint/linux-x64-gnu@0.4.4':
    resolution: {integrity: sha512-nqQr/Zj86F56EvpcbZMXEsYpUS+wpEAH1jahg70ApAEeq+EoVBqMZPv4sV1vAIy/R20f00a891fz13RGkorMnw==}
    cpu: [x64]
    os: [linux]

  '@oxlint/linux-x64-musl@0.4.4':
    resolution: {integrity: sha512-MdyAoQgLQf/ZzneV+cCWD++6ATKWEEp1VPa61664uCYtJIKRKiavPwT5BN+nQ197Bn7n/k6pOHmo/3n8+PCFNg==}
    cpu: [x64]
    os: [linux]

  '@oxlint/win32-arm64@0.4.4':
    resolution: {integrity: sha512-m1azJG8XD7Po1Las7ftYFvtSUaVju1V9ic771x6/Su+8vt1Iz2pDwG7jDK+5hHbS17w8qHCYcg/IDRFHuFsOeQ==}
    cpu: [arm64]
    os: [win32]

  '@oxlint/win32-x64@0.4.4':
    resolution: {integrity: sha512-4ZyCtwNHqfOPzSPoEUHuFxcYCxRGMTB9ZmDJCVZGVbxwE462FPz6IfoinEqaiesgnuaBqN78CkLqW5kfhnxm+A==}
    cpu: [x64]
    os: [win32]

  '@rsbuild/core@0.7.9':
    resolution: {integrity: sha512-g29A68ZtrydLbWJgGlKUywyYi5ELnmuCM8CJWTxKa9itoIxAZG5h9NZ+P3VVBCaSfsY7DtFKMJ4D5cxvwJtVuw==}
    engines: {node: '>=16.0.0'}
    hasBin: true

  '@rsbuild/plugin-react@0.7.10':
    resolution: {integrity: sha512-OyfTrNVRt7Rj5e4PR4VQHnKKpw7YkcG7xvprJbDU/LDtG0aucwCARO1h+YtuZhcUpoG9k4zWLmoRkEXLVnKbdQ==}
    peerDependencies:
      '@rsbuild/core': ^0.7.10

  '@rsbuild/shared@0.7.10':
    resolution: {integrity: sha512-FwTm11DP7KxQKT2mWLvwe80O5KpikgMSlqnw9CQhBaIHSYEypdJU9ZotbNsXsHdML3xcqg+S9ae3bpovC7KlwQ==}

  '@rsbuild/shared@0.7.9':
    resolution: {integrity: sha512-g/xQoa1PJR5305EXqXW5v+gFaYjzlwFvOzv0hOrmF0n2tEO1gO5PD/dwdWw1F3I9I79OshCZk0ru0XLshg/waQ==}

  '@rspack/binding-darwin-arm64@0.7.4':
    resolution: {integrity: sha512-K78fUe9OhFTV61kHYCuahNkBXCFJMmqSGyIgNtLR9Psk82IVCHkvxY5565An1Quvo1UmgVh5R2YmylKE81mwiw==}
    cpu: [arm64]
    os: [darwin]

  '@rspack/binding-darwin-arm64@0.7.5':
    resolution: {integrity: sha512-mNBIm36s1BA7v4SL/r4f3IXIsjyH5CZX4eXMRPE52lBc3ClVuUB7d/8zk8dkyjJCMAj8PsZSnAJ3cfXnn7TN4g==}
    cpu: [arm64]
    os: [darwin]

  '@rspack/binding-darwin-x64@0.7.4':
    resolution: {integrity: sha512-EQriu7oE+tZv25g5VJH6Ael74U42fmpb4zGs7wLmWyKfCtO6SegL3tJ8Jc6mMmp+vg949dVvkw7uB6TJjOqx2g==}
    cpu: [x64]
    os: [darwin]

  '@rspack/binding-darwin-x64@0.7.5':
    resolution: {integrity: sha512-teLK0TB1x0CsvaaiCopsFx4EvJe+/Hljwii6R7C9qOZs5zSOfbT/LQ202eA0sAGodCncARCGaXVrsekbrRYqeA==}
    cpu: [x64]
    os: [darwin]

  '@rspack/binding-linux-arm64-gnu@0.7.4':
    resolution: {integrity: sha512-yhJLkU1zEXMyHNWhh8pBEaK6cRAjFzRK2hqejhhZ0K+lqC0Af9bKvZyXXGrMfmmHlsh1VJ9VVmi21qcXr/kdzg==}
    cpu: [arm64]
    os: [linux]

  '@rspack/binding-linux-arm64-gnu@0.7.5':
    resolution: {integrity: sha512-/24UytJXrK+7CsucDb30GCKYIJ8nG6ceqbJyOtsJv9zeArNLHkxrYGSyjHJIpQfwVN17BPP4RNOi+yIZ3ZgDyA==}
    cpu: [arm64]
    os: [linux]

  '@rspack/binding-linux-arm64-musl@0.7.4':
    resolution: {integrity: sha512-6GV3Ztl6Q1zdJmNo+dwHiJd2Y/IEH9qWOh4YHiyzYGbQQYpfhhLYwKexalWaAAhdMm6KKoeqzklgHImCINImEg==}
    cpu: [arm64]
    os: [linux]

  '@rspack/binding-linux-arm64-musl@0.7.5':
    resolution: {integrity: sha512-6RcxG42mLM01Pa6UYycACu/Nu9qusghAPUJumb8b8x5TRIDEtklYC5Ck6Rmagm+8E0ucMude2E/D4rMdIFcS3A==}
    cpu: [arm64]
    os: [linux]

  '@rspack/binding-linux-x64-gnu@0.7.4':
    resolution: {integrity: sha512-KFdAEIZ7mPnT0y198xVOa8vIT9tgpEFVidCSIlxdk65UGC59g6UxEQq1EVAbcBi1Ou6Zza/UtxIlzk6Ev6KDkQ==}
    cpu: [x64]
    os: [linux]

  '@rspack/binding-linux-x64-gnu@0.7.5':
    resolution: {integrity: sha512-R0Lu4CJN2nWMW7WzPBuCIju80cQPpcaqwKJDj/quwQySpJJZ6c5qGwB8mntqjxIzZDrNH6u0OkpiUTbvWZj8ww==}
    cpu: [x64]
    os: [linux]

  '@rspack/binding-linux-x64-musl@0.7.4':
    resolution: {integrity: sha512-qekcXkv12oWRztZHXGzNAI92/O/+abU35/nGDycZmMtr+Qt2XS5hE1T9oBQ54yecIzUVDGNcYwhIMWBX6E2dmQ==}
    cpu: [x64]
    os: [linux]

  '@rspack/binding-linux-x64-musl@0.7.5':
    resolution: {integrity: sha512-dDgi/ThikMy1m4llxPeEXDCA2I8F8ezFS/eCPLZGU2/J1b4ALwDjuRsMmo+VXSlFCKgIt98V6h1woeg7nu96yg==}
    cpu: [x64]
    os: [linux]

  '@rspack/binding-win32-arm64-msvc@0.7.4':
    resolution: {integrity: sha512-D1BccimBVeA/k2ty/28ER/j3s/c0n0MtN4kpyjYwgRILVLRSr+rfbC75i8wYh8r8AXjhNWNG88LmrFN9e9i7Ug==}
    cpu: [arm64]
    os: [win32]

  '@rspack/binding-win32-arm64-msvc@0.7.5':
    resolution: {integrity: sha512-nEF4cUdLfgEK6FrgJSJhUlr2/7LY1tmqBNQCFsCjtDtUkQbJIEo1b8edT94G9tJcQoFE4cD+Re30yBYbQO2Thg==}
    cpu: [arm64]
    os: [win32]

  '@rspack/binding-win32-ia32-msvc@0.7.4':
    resolution: {integrity: sha512-5//TZH0Y4fRuTQ/ZmNOVaIfPIQXtgNAI78QxvF8Amygk4Uqklpo3ceHGP+yZfZgjh3mzjoUK+22fWbq/cUmW0w==}
    cpu: [ia32]
    os: [win32]

  '@rspack/binding-win32-ia32-msvc@0.7.5':
    resolution: {integrity: sha512-hEcHRwJIzpZsePr+5x6V/7TGhrPXhSZYG4sIhsrem1za9W+qqCYYLZ7KzzbRODU07QaAH2RxjcA1bf8F2QDYAQ==}
    cpu: [ia32]
    os: [win32]

  '@rspack/binding-win32-x64-msvc@0.7.4':
    resolution: {integrity: sha512-C3ZxIEYKvnjQbV19FfQE6CGO6vcGp2JcvSQCc6SHwU/KNxLDrI1pA7XUG5TKoGSsqVEDZN6H8fJxLUYPQBjJcg==}
    cpu: [x64]
    os: [win32]

  '@rspack/binding-win32-x64-msvc@0.7.5':
    resolution: {integrity: sha512-PpVpP6J5/2b4T10hzSUwjLvmdpAOj3ozARl1Nrf/lsbYwhiXivoB8Gvoy/xe/Xpgr732Dk9VCeeW8rreWOOUVQ==}
    cpu: [x64]
    os: [win32]

  '@rspack/binding@0.7.4':
    resolution: {integrity: sha512-H1rTtYxbxe40miV2gYLPwIxEn2yMY6+bq+fjfiRu61kTvllexPMBYgFpKqSAc5Qyyto9j9uCkR4MJEYj2R/SQQ==}

  '@rspack/binding@0.7.5':
    resolution: {integrity: sha512-XcdOvaCz1mWWwr5vmEY9zncdInrjINEh60EWkYdqtCA67v7X7rB1fe6n4BeAI1+YLS2Eacj+lytlr+n7I+DYVg==}

  '@rspack/core@0.7.4':
    resolution: {integrity: sha512-HECQ0WL8iVS1Mwq2W2hfrStZZbtTPl/GjDdAZDMToPqWtSVGww99UDGIYTHW8G6kawQ3GY6wa86WTQNfXEpSCA==}
    engines: {node: '>=16.0.0'}
    peerDependencies:
      '@swc/helpers': '>=0.5.1'
    peerDependenciesMeta:
      '@swc/helpers':
        optional: true

  '@rspack/core@0.7.5':
    resolution: {integrity: sha512-zVTe4WCyc3qsLPattosiDYZFeOzaJ32/BYukPP2I1VJtCVFa+PxGVRPVZhSoN6fXw5oy48yHg9W9v1T8CaEFhw==}
    engines: {node: '>=16.0.0'}
    peerDependencies:
      '@swc/helpers': '>=0.5.1'
    peerDependenciesMeta:
      '@swc/helpers':
        optional: true

  '@rspack/plugin-react-refresh@0.7.5':
    resolution: {integrity: sha512-ROI9lrmfIH+Z9lbBaP3YMhbD2R3rlm9SSzi/9WzzkQU6KK911S1D+sL2ByeJ7ipZafbHvMPWTmC2aQEvjhwQig==}
    peerDependencies:
      react-refresh: '>=0.10.0 <1.0.0'
    peerDependenciesMeta:
      react-refresh:
        optional: true

  '@swc/helpers@0.5.3':
    resolution: {integrity: sha512-FaruWX6KdudYloq1AHD/4nU+UsMTdNE8CKyrseXWEcgjDAbvkwJg2QGPAnfIJLIWsjZOSPLOAykK6fuYp4vp4A==}

  '@types/prop-types@15.7.12':
    resolution: {integrity: sha512-5zvhXYtRNRluoE/jAp4GVsSduVUzNWKkOZrCDBWYtE7biZywwdC2AcEzg+cSMLFRfVgeAFqpfNabiPjxFddV1Q==}

  '@types/react-dom@18.3.0':
    resolution: {integrity: sha512-EhwApuTmMBmXuFOikhQLIBUn6uFg81SwLMOAUgodJF14SOBOCMdU04gDoYi0WOJJHD144TL32z4yDqCW3dnkQg==}

  '@types/react@18.3.3':
    resolution: {integrity: sha512-hti/R0pS0q1/xx+TsI73XIqk26eBsISZ2R0wUijXIngRK9R/e7Xw/cXVxQK7R5JjW+SV4zGcn5hXjudkN/pLIw==}

  '@wasm-fmt/biome_fmt@0.1.10':
    resolution: {integrity: sha512-PWFgZVhfS5gW9NX9EUNkeTZb2tPdATqgvaOUayx/6wksdqJT7Y8IMRv4We7J379j1UKt4R//lj4UaNM8z2y7jQ==}

  caniuse-lite@1.0.30001636:
    resolution: {integrity: sha512-bMg2vmr8XBsbL6Lr0UHXy/21m84FTxDLWn2FSqMd5PrlbMxwJlQnC2YWYxVgp66PZE+BBNF2jYQUBKCo1FDeZg==}

  caniuse-lite@1.0.30001637:
    resolution: {integrity: sha512-1x0qRI1mD1o9e+7mBI7XtzFAP4XszbHaVWsMiGbSPLYekKTJF7K+FNk6AsXH4sUpc+qrsI3pVgf1Jdl/uGkuSQ==}

  core-js@3.36.1:
    resolution: {integrity: sha512-BTvUrwxVBezj5SZ3f10ImnX2oRByMxql3EimVqMysepbC9EeMUOpLwdy6Eoili2x6E4kf+ZUB5k/+Jv55alPfA==}

  csstype@3.1.3:
    resolution: {integrity: sha512-M1uQkMl8rQK/szD0LNhtqxIPLpimGm8sOBwU7lLnCpSbTyY3yeU1Vc7l4KT5zT4s/yOxHH5O7tIuuLOCnLADRw==}

  dprint@0.46.3:
    resolution: {integrity: sha512-ACEd7B7sO/uvPvV/nsHbtkIeMqeD2a8XGO1DokROtKDUmI5WbuflGZOwyjFCYwy4rkX6FXoYBzGdEQ6um7BjCA==}
    hasBin: true

  fsevents@2.3.3:
    resolution: {integrity: sha512-5xoDfX+fL7faATnagmWPpbFtwh/R77WmMMqqHGS65C3vvB0YHrgF+B1YmZ3441tMj5n63k0212XNoJwzlhffQw==}
    engines: {node: ^8.16.0 || ^10.6.0 || >=11.0.0}
    os: [darwin]

  gen_dep_tag@0.0.3:
    resolution: {integrity: sha512-2TCKUqo7dBlyEtrHRg24lRXj54qfgW7bAyC04OeF/IID/JS91yy5AIfTtcQvraVT+TK2A/F95DDXpZmbG2J7pw==}

  html-rspack-plugin@5.7.2:
    resolution: {integrity: sha512-uVXGYq19bcsX7Q/53VqXQjCKXw0eUMHlFGDLTaqzgj/ckverfhZQvXyA6ecFBaF9XUH16jfCTCyALYi0lJcagg==}
    engines: {node: '>=10.13.0'}
    peerDependencies:
      '@rspack/core': 0.x || 1.x
    peerDependenciesMeta:
      '@rspack/core':
        optional: true

  lz-string@1.5.0:
    resolution: {integrity: sha512-h5bgJWpxJNswbU7qCrV0tIKQCaS3blPDrqKWx+QxzuzL1zGUzij9XCWLrSLsJPu5t+eWA/ycetzYAO5IOMcWAQ==}
    hasBin: true

  monaco-editor@0.50.0:
    resolution: {integrity: sha512-8CclLCmrRRh+sul7C08BmPBP3P8wVWfBHomsTcndxg5NRCEPfu/mc2AGU8k37ajjDVXcXFc12ORAMUkmk+lkFA==}

  nanoid@3.3.7:
    resolution: {integrity: sha512-eSRppjcPIatRIMC1U6UngP8XFcz8MQWGQdt1MTBQ7NaAmvXDfvNxbvWV3x2y6CdEUciCSsDHDQZbhYaB8QEo2g==}
    engines: {node: ^10 || ^12 || ^13.7 || ^14 || >=15.0.1}
    hasBin: true

  oxlint@0.4.4:
    resolution: {integrity: sha512-YF4rEASRYWCJBaCd0yDavYJ1qCA5H2l6piXlAeDnIKjqKHQ7V3Hwu5w5gIkgZne73iXFe6baqcMSlZNdNlqCeA==}
    engines: {node: '>=14.*'}
    hasBin: true

  picocolors@1.0.1:
    resolution: {integrity: sha512-anP1Z8qwhkbmu7MFP5iTt+wQKXgwzf7zTyGlcdzabySa9vd0Xt392U0rVmz9poOaBj0uHJKyyo9/upk0HrEQew==}

  postcss@8.4.38:
    resolution: {integrity: sha512-Wglpdk03BSfXkHoQa3b/oulrotAkwrlLDRSOb9D0bN86FdRyE9lppSp33aHNPgBa0JKCoB+drFLZkQoRRYae5A==}
    engines: {node: ^10 || ^12 || >=14}

  react-dom@18.3.0-canary-c3048aab4-20240326:
    resolution: {integrity: sha512-tZYbOVfznc27fKOHG5VNQaSFrHecnDZiJWQ+vt0H0k2jh7klkNQDpzqRtw6dWxno+mpUHyKYZ0khn5iRYpVipQ==}
    peerDependencies:
      react: 18.3.0-canary-c3048aab4-20240326

  react-refresh@0.14.2:
    resolution: {integrity: sha512-jCvmsr+1IUSMUyzOkRcvnVbX3ZYC6g9TDrDbFuFmRDq7PD4yaGbLKNQL6k2jnArV8hjYxh7hVhAZB6s9HDGpZA==}
    engines: {node: '>=0.10.0'}

  react-resizable-panels@2.0.19:
    resolution: {integrity: sha512-v3E41kfKSuCPIvJVb4nL4mIZjjKIn/gh6YqZF/gDfQDolv/8XnhJBek4EiV2gOr3hhc5A3kOGOayk3DhanpaQw==}
    peerDependencies:
      react: ^16.14.0 || ^17.0.0 || ^18.0.0
      react-dom: ^16.14.0 || ^17.0.0 || ^18.0.0

  react@18.3.0-canary-c3048aab4-20240326:
    resolution: {integrity: sha512-luG9vwr1P496ZYwX2nS4HJQ6ZYU1+014hVBR1HtAnfYZyPPaByAlrKzcE4uembPeRtkA02aQfh6MSOtorY4Aeg==}
    engines: {node: '>=0.10.0'}

  scheduler@0.24.0-canary-c3048aab4-20240326:
    resolution: {integrity: sha512-CgNwRUuLgO+trb2HShYfR22XYfQU7jYZrOfoPO4RzUDMIKO3ZbwQFGhW8wuQ3LlzlJXVpExB2vRQep5mZmgDrg==}

  source-map-js@1.2.0:
    resolution: {integrity: sha512-itJW8lvSA0TXEphiRoawsCksnlf8SyvmFzIhltqAHluXd88pkCd+cXJVHTDwdCr0IzwptSm035IHQktUu1QUMg==}
    engines: {node: '>=0.10.0'}

  state-local@1.0.7:
    resolution: {integrity: sha512-HTEHMNieakEnoe33shBYcZ7NX83ACUjCu8c40iOGEZsngj9zRnkqS9j1pqQPXwobB0ZcVTk27REb7COQ0UR59w==}

  tapable@2.2.1:
    resolution: {integrity: sha512-GNzQvQTOIP6RyTfE2Qxb8ZVlNmw0n88vp1szwWRimP02mnTsx3Wtn5qRdqY9w2XduFNUgvOwhNnQsjwCp+kqaQ==}
    engines: {node: '>=6'}

  tslib@2.6.3:
    resolution: {integrity: sha512-xNvxJEOUiWPGhUuUdQgAJPKOOJfGnIyKySOc09XkKsgdUV/3E2zvwZYdejjmRgPCgcym1juLH3226yA7sEFJKQ==}

  typescript@5.5.2:
    resolution: {integrity: sha512-NcRtPEOsPFFWjobJEtfihkLCZCXZt/os3zf8nTxjVH3RvTSxjrCamJpbExGvYOF+tFHc3pA65qpdwPbzjohhew==}
    engines: {node: '>=14.17'}
    hasBin: true

  webpack-sources@3.2.3:
    resolution: {integrity: sha512-/DyMEOrDgLKKIG0fmvtz+4dUX/3Ghozwgm6iPp8KRhvn+eQf9+Q7GWxVNMk3+uCPWfdXYC4ExGBckIXdFEfH1w==}
    engines: {node: '>=10.13.0'}

snapshots:

  '@dprint/darwin-arm64@0.46.3':
    optional: true

  '@dprint/darwin-x64@0.46.3':
    optional: true

  '@dprint/linux-arm64-glibc@0.46.3':
    optional: true

  '@dprint/linux-arm64-musl@0.46.3':
    optional: true

  '@dprint/linux-x64-glibc@0.46.3':
    optional: true

  '@dprint/linux-x64-musl@0.46.3':
    optional: true

  '@dprint/win32-x64@0.46.3':
    optional: true

  '@module-federation/runtime-tools@0.1.6':
    dependencies:
      '@module-federation/runtime': 0.1.6
      '@module-federation/webpack-bundler-runtime': 0.1.6

  '@module-federation/runtime@0.1.6':
    dependencies:
      '@module-federation/sdk': 0.1.6

  '@module-federation/sdk@0.1.6': {}

  '@module-federation/webpack-bundler-runtime@0.1.6':
    dependencies:
      '@module-federation/runtime': 0.1.6
      '@module-federation/sdk': 0.1.6

  '@monaco-editor/loader@1.4.0(monaco-editor@0.50.0)':
    dependencies:
      monaco-editor: 0.50.0
      state-local: 1.0.7

  '@monaco-editor/react@4.6.0(patch_hash=7rehcztlh3wnmwcrogrsf6w34i)(monaco-editor@0.50.0)(react-dom@18.3.0-canary-c3048aab4-20240326(react@18.3.0-canary-c3048aab4-20240326))(react@18.3.0-canary-c3048aab4-20240326)':
    dependencies:
      '@monaco-editor/loader': 1.4.0(monaco-editor@0.50.0)
      monaco-editor: 0.50.0
      react: 18.3.0-canary-c3048aab4-20240326
      react-dom: 18.3.0-canary-c3048aab4-20240326(react@18.3.0-canary-c3048aab4-20240326)

  '@oxlint/darwin-arm64@0.4.4':
    optional: true

  '@oxlint/darwin-x64@0.4.4':
    optional: true

  '@oxlint/linux-arm64-gnu@0.4.4':
    optional: true

  '@oxlint/linux-arm64-musl@0.4.4':
    optional: true

  '@oxlint/linux-x64-gnu@0.4.4':
    optional: true

  '@oxlint/linux-x64-musl@0.4.4':
    optional: true

  '@oxlint/win32-arm64@0.4.4':
    optional: true

  '@oxlint/win32-x64@0.4.4':
    optional: true

  '@rsbuild/core@0.7.9':
    dependencies:
      '@rsbuild/shared': 0.7.9(@swc/helpers@0.5.3)
      '@rspack/core': 0.7.4(@swc/helpers@0.5.3)
      '@swc/helpers': 0.5.3
      core-js: 3.36.1
      html-webpack-plugin: html-rspack-plugin@5.7.2(@rspack/core@0.7.4(@swc/helpers@0.5.3))
      postcss: 8.4.38

  '@rsbuild/plugin-react@0.7.10(@rsbuild/core@0.7.9)(@swc/helpers@0.5.3)':
    dependencies:
      '@rsbuild/core': 0.7.9
      '@rsbuild/shared': 0.7.10(@swc/helpers@0.5.3)
      '@rspack/plugin-react-refresh': 0.7.5(react-refresh@0.14.2)
      react-refresh: 0.14.2
    transitivePeerDependencies:
      - '@swc/helpers'

  '@rsbuild/shared@0.7.10(@swc/helpers@0.5.3)':
    dependencies:
      '@rspack/core': 0.7.5(@swc/helpers@0.5.3)
      caniuse-lite: 1.0.30001637
      html-webpack-plugin: html-rspack-plugin@5.7.2(@rspack/core@0.7.5(@swc/helpers@0.5.3))
      postcss: 8.4.38
    optionalDependencies:
      fsevents: 2.3.3
    transitivePeerDependencies:
      - '@swc/helpers'

  '@rsbuild/shared@0.7.9(@swc/helpers@0.5.3)':
    dependencies:
      '@rspack/core': 0.7.4(@swc/helpers@0.5.3)
      caniuse-lite: 1.0.30001636
      html-webpack-plugin: html-rspack-plugin@5.7.2(@rspack/core@0.7.4(@swc/helpers@0.5.3))
      postcss: 8.4.38
    optionalDependencies:
      fsevents: 2.3.3
    transitivePeerDependencies:
      - '@swc/helpers'

  '@rspack/binding-darwin-arm64@0.7.4':
    optional: true

  '@rspack/binding-darwin-arm64@0.7.5':
    optional: true

  '@rspack/binding-darwin-x64@0.7.4':
    optional: true

  '@rspack/binding-darwin-x64@0.7.5':
    optional: true

  '@rspack/binding-linux-arm64-gnu@0.7.4':
    optional: true

  '@rspack/binding-linux-arm64-gnu@0.7.5':
    optional: true

  '@rspack/binding-linux-arm64-musl@0.7.4':
    optional: true

  '@rspack/binding-linux-arm64-musl@0.7.5':
    optional: true

  '@rspack/binding-linux-x64-gnu@0.7.4':
    optional: true

  '@rspack/binding-linux-x64-gnu@0.7.5':
    optional: true

  '@rspack/binding-linux-x64-musl@0.7.4':
    optional: true

  '@rspack/binding-linux-x64-musl@0.7.5':
    optional: true

  '@rspack/binding-win32-arm64-msvc@0.7.4':
    optional: true

  '@rspack/binding-win32-arm64-msvc@0.7.5':
    optional: true

  '@rspack/binding-win32-ia32-msvc@0.7.4':
    optional: true

  '@rspack/binding-win32-ia32-msvc@0.7.5':
    optional: true

  '@rspack/binding-win32-x64-msvc@0.7.4':
    optional: true

  '@rspack/binding-win32-x64-msvc@0.7.5':
    optional: true

  '@rspack/binding@0.7.4':
    optionalDependencies:
      '@rspack/binding-darwin-arm64': 0.7.4
      '@rspack/binding-darwin-x64': 0.7.4
      '@rspack/binding-linux-arm64-gnu': 0.7.4
      '@rspack/binding-linux-arm64-musl': 0.7.4
      '@rspack/binding-linux-x64-gnu': 0.7.4
      '@rspack/binding-linux-x64-musl': 0.7.4
      '@rspack/binding-win32-arm64-msvc': 0.7.4
      '@rspack/binding-win32-ia32-msvc': 0.7.4
      '@rspack/binding-win32-x64-msvc': 0.7.4

  '@rspack/binding@0.7.5':
    optionalDependencies:
      '@rspack/binding-darwin-arm64': 0.7.5
      '@rspack/binding-darwin-x64': 0.7.5
      '@rspack/binding-linux-arm64-gnu': 0.7.5
      '@rspack/binding-linux-arm64-musl': 0.7.5
      '@rspack/binding-linux-x64-gnu': 0.7.5
      '@rspack/binding-linux-x64-musl': 0.7.5
      '@rspack/binding-win32-arm64-msvc': 0.7.5
      '@rspack/binding-win32-ia32-msvc': 0.7.5
      '@rspack/binding-win32-x64-msvc': 0.7.5

  '@rspack/core@0.7.4(@swc/helpers@0.5.3)':
    dependencies:
      '@module-federation/runtime-tools': 0.1.6
      '@rspack/binding': 0.7.4
      caniuse-lite: 1.0.30001636
      tapable: 2.2.1
      webpack-sources: 3.2.3
    optionalDependencies:
      '@swc/helpers': 0.5.3

  '@rspack/core@0.7.5(@swc/helpers@0.5.3)':
    dependencies:
      '@module-federation/runtime-tools': 0.1.6
      '@rspack/binding': 0.7.5
      caniuse-lite: 1.0.30001637
      tapable: 2.2.1
      webpack-sources: 3.2.3
    optionalDependencies:
      '@swc/helpers': 0.5.3

  '@rspack/plugin-react-refresh@0.7.5(react-refresh@0.14.2)':
    optionalDependencies:
      react-refresh: 0.14.2

  '@swc/helpers@0.5.3':
    dependencies:
      tslib: 2.6.3

  '@types/prop-types@15.7.12': {}

  '@types/react-dom@18.3.0':
    dependencies:
      '@types/react': 18.3.3

  '@types/react@18.3.3':
    dependencies:
      '@types/prop-types': 15.7.12
      csstype: 3.1.3

  '@wasm-fmt/biome_fmt@0.1.10': {}

  caniuse-lite@1.0.30001636: {}

  caniuse-lite@1.0.30001637: {}

  core-js@3.36.1: {}

  csstype@3.1.3: {}

  dprint@0.46.3:
    optionalDependencies:
      '@dprint/darwin-arm64': 0.46.3
      '@dprint/darwin-x64': 0.46.3
      '@dprint/linux-arm64-glibc': 0.46.3
      '@dprint/linux-arm64-musl': 0.46.3
      '@dprint/linux-x64-glibc': 0.46.3
      '@dprint/linux-x64-musl': 0.46.3
      '@dprint/win32-x64': 0.46.3

  fsevents@2.3.3:
    optional: true

  gen_dep_tag@0.0.3: {}

  html-rspack-plugin@5.7.2(@rspack/core@0.7.4(@swc/helpers@0.5.3)):
    optionalDependencies:
      '@rspack/core': 0.7.4(@swc/helpers@0.5.3)

  html-rspack-plugin@5.7.2(@rspack/core@0.7.5(@swc/helpers@0.5.3)):
    optionalDependencies:
      '@rspack/core': 0.7.5(@swc/helpers@0.5.3)

  lz-string@1.5.0: {}

  monaco-editor@0.50.0: {}

  nanoid@3.3.7: {}

  oxlint@0.4.4:
    optionalDependencies:
      '@oxlint/darwin-arm64': 0.4.4
      '@oxlint/darwin-x64': 0.4.4
      '@oxlint/linux-arm64-gnu': 0.4.4
      '@oxlint/linux-arm64-musl': 0.4.4
      '@oxlint/linux-x64-gnu': 0.4.4
      '@oxlint/linux-x64-musl': 0.4.4
      '@oxlint/win32-arm64': 0.4.4
      '@oxlint/win32-x64': 0.4.4

  picocolors@1.0.1: {}

  postcss@8.4.38:
    dependencies:
      nanoid: 3.3.7
      picocolors: 1.0.1
      source-map-js: 1.2.0

  react-dom@18.3.0-canary-c3048aab4-20240326(react@18.3.0-canary-c3048aab4-20240326):
    dependencies:
      react: 18.3.0-canary-c3048aab4-20240326
      scheduler: 0.24.0-canary-c3048aab4-20240326

  react-refresh@0.14.2: {}

  react-resizable-panels@2.0.19(react-dom@18.3.0-canary-c3048aab4-20240326(react@18.3.0-canary-c3048aab4-20240326))(react@18.3.0-canary-c3048aab4-20240326):
    dependencies:
      react: 18.3.0-canary-c3048aab4-20240326
      react-dom: 18.3.0-canary-c3048aab4-20240326(react@18.3.0-canary-c3048aab4-20240326)

  react@18.3.0-canary-c3048aab4-20240326: {}

  scheduler@0.24.0-canary-c3048aab4-20240326: {}

  source-map-js@1.2.0: {}

  state-local@1.0.7: {}

  tapable@2.2.1: {}

  tslib@2.6.3: {}

  typescript@5.5.2: {}

  webpack-sources@3.2.3: {}
